
Microsoft Visual Studio Solution File, Format Version 12.00
# Visual Studio Version 16
VisualStudioVersion = 16.0.31410.357
MinimumVisualStudioVersion = 10.0.40219.1
Project("{FAE04EC0-301F-11D3-BF4B-00C04F79EFBC}") = "RabbitmqProducer", "RabbitmqProducer\RabbitmqProducer.csproj", "{D6AE1676-63FD-4D1F-8D8B-B90FA457AECF}"
EndProject
Project("{FAE04EC0-301F-11D3-BF4B-00C04F79EFBC}") = "RabbitMQConsumer", "..\RabbitMQConsumer\RabbitMQConsumer.csproj", "{95E084CB-082F-4ACC-B3B8-AA95332D81E1}"
EndProject
Project("{FAE04EC0-301F-11D3-BF4B-00C04F79EFBC}") = "DirectExchangeProducer", "..\DirectExchangeProducer\DirectExchangeProducer.csproj", "{25BB0CC9-49CF-41B1-A616-95819EFFBFE9}"
EndProject
Global
	GlobalSection(SolutionConfigurationPlatforms) = preSolution
		Debug|Any CPU = Debug|Any CPU
		Release|Any CPU = Release|Any CPU
	EndGlobalSection
	GlobalSection(ProjectConfigurationPlatforms) = postSolution
		{D6AE1676-63FD-4D1F-8D8B-B90FA457AECF}.Debug|Any CPU.ActiveCfg = Debug|Any CPU
		{D6AE1676-63FD-4D1F-8D8B-B90FA457AECF}.Debug|Any CPU.Build.0 = Debug|Any CPU
		{D6AE1676-63FD-4D1F-8D8B-B90FA457AECF}.Release|Any CPU.ActiveCfg = Release|Any CPU
		{D6AE1676-63FD-4D1F-8D8B-B90FA457AECF}.Release|Any CPU.Build.0 = Release|Any CPU
		{95E084CB-082F-4ACC-B3B8-AA95332D81E1}.Debug|Any CPU.ActiveCfg = Debug|Any CPU
		{95E084CB-082F-4ACC-B3B8-AA95332D81E1}.Debug|Any CPU.Build.0 = Debug|Any CPU
		{95E084CB-082F-4ACC-B3B8-AA95332D81E1}.Release|Any CPU.ActiveCfg = Release|Any CPU
		{95E084CB-082F-4ACC-B3B8-AA95332D81E1}.Release|Any CPU.Build.0 = Release|Any CPU
		{25BB0CC9-49CF-41B1-A616-95819EFFBFE9}.Debug|Any CPU.ActiveCfg = Debug|Any CPU
		{25BB0CC9-49CF-41B1-A616-95819EFFBFE9}.Debug|Any CPU.Build.0 = Debug|Any CPU
		{25BB0CC9-49CF-41B1-A616-95819EFFBFE9}.Release|Any CPU.ActiveCfg = Release|Any CPU
		{25BB0CC9-49CF-41B1-A616-95819EFFBFE9}.Release|Any CPU.Build.0 = Release|Any CPU
	EndGlobalSection
	GlobalSection(SolutionProperties) = preSolution
		HideSolutionNode = FALSE
	EndGlobalSection
	GlobalSection(ExtensibilityGlobals) = postSolution
		SolutionGuid = {E119454D-35C3-47C6-A07C-95AD2B0FA511}
	EndGlobalSection
EndGlobal
